{
  "object": {
    "pins": [
      {
        "package": "glide",
        "repositoryURL": "https://github.com/SwiftGlide/glide",
        "state": {
          "branch": null,
          "revision": "5806e5af19e93108beb5b201e4766306e0382903",
          "version": "0.0.9"
        }
      },
      {
        "package": "swift-nio",
        "repositoryURL": "https://github.com/apple/swift-nio",
        "state": {
          "branch": null,
          "revision": "8a865bd15e69526cbdfcfd7c47698eb20b2ba951",
          "version": "2.19.0"
        }
      }
    ]
  },
  "version": 1
}
